# THIS IS AN AUTOGENERATED FILE. DO NOT EDIT THIS FILE DIRECTLY.
# yarn lockfile v1


"@types/accepts@*":
  "integrity" "sha1-w0vsEVz8dG4E/loFnfTOfns5FXU="
  "resolved" "http://192.168.31.232:4873/@types%2faccepts/-/accepts-1.3.5.tgz"
  "version" "1.3.5"
  dependencies:
    "@types/node" "*"

"@types/body-parser@*":
  "integrity" "sha1-rqIFnii3ZYY5CBNHrE+rPeFm5vA="
  "resolved" "http://192.168.31.232:4873/@types%2fbody-parser/-/body-parser-1.19.2.tgz"
  "version" "1.19.2"
  dependencies:
    "@types/connect" "*"
    "@types/node" "*"

"@types/connect@*":
  "integrity" "sha1-X89q5EXkAh0fwiGaSHPMc6O7KtE="
  "resolved" "http://192.168.31.232:4873/@types%2fconnect/-/connect-3.4.35.tgz"
  "version" "3.4.35"
  dependencies:
    "@types/node" "*"

"@types/content-disposition@*":
  "integrity" "sha1-3kjPAcecnxVgvP2K5DIXqwKGV/g="
  "resolved" "http://192.168.31.232:4873/@types%2fcontent-disposition/-/content-disposition-0.5.4.tgz"
  "version" "0.5.4"

"@types/cookies@*":
  "integrity" "sha1-epJFPR0WOJwFpTAe71ZvNJRs/YE="
  "resolved" "http://192.168.31.232:4873/@types%2fcookies/-/cookies-0.7.7.tgz"
  "version" "0.7.7"
  dependencies:
    "@types/connect" "*"
    "@types/express" "*"
    "@types/keygrip" "*"
    "@types/node" "*"

"@types/express-serve-static-core@^4.17.18":
  "integrity" "sha512-P1BJAEAW3E2DJUlkgq4tOL3RyMunoWXqbSCygWo5ZIWTjUgN1YnaXWW4VWl/oc8vs/XoYibEGBKP0uZyF4AHig=="
  "resolved" "http://192.168.31.232:4873/@types%2fexpress-serve-static-core/-/express-serve-static-core-4.17.28.tgz"
  "version" "4.17.28"
  dependencies:
    "@types/node" "*"
    "@types/qs" "*"
    "@types/range-parser" "*"

"@types/express@*":
  "integrity" "sha1-p24plXKJmbq1GjP6vOHXBaNwkDQ="
  "resolved" "http://192.168.31.232:4873/@types%2fexpress/-/express-4.17.13.tgz"
  "version" "4.17.13"
  dependencies:
    "@types/body-parser" "*"
    "@types/express-serve-static-core" "^4.17.18"
    "@types/qs" "*"
    "@types/serve-static" "*"

"@types/http-assert@*":
  "integrity" "sha1-7449Go1Gw4fwSrDy6KuMsMUHhmE="
  "resolved" "http://192.168.31.232:4873/@types%2fhttp-assert/-/http-assert-1.5.3.tgz"
  "version" "1.5.3"

"@types/http-errors@*":
  "integrity" "sha512-EqX+YQxINb+MeXaIqYDASb6U6FCHbWjkj4a1CKDBks3d/QiB2+PqBLyO72vLDgAO1wUI4O+9gweRcQK11bTL/w=="
  "resolved" "http://192.168.31.232:4873/@types%2fhttp-errors/-/http-errors-1.8.2.tgz"
  "version" "1.8.2"

"@types/keygrip@*":
  "integrity" "sha1-UTq/0lbXrQvx7hhzYGMXszsbKnI="
  "resolved" "http://192.168.31.232:4873/@types%2fkeygrip/-/keygrip-1.0.2.tgz"
  "version" "1.0.2"

"@types/koa-compose@*":
  "integrity" "sha1-hesugKxQvpXzfM+MQHwJu+NGjp0="
  "resolved" "http://192.168.31.232:4873/@types%2fkoa-compose/-/koa-compose-3.2.5.tgz"
  "version" "3.2.5"
  dependencies:
    "@types/koa" "*"

"@types/koa@*", "@types/koa@^2.13.4":
  "integrity" "sha1-EGILPySoAn71y66Is5PRsxIFcms="
  "resolved" "http://192.168.31.232:4873/@types%2fkoa/-/koa-2.13.4.tgz"
  "version" "2.13.4"
  dependencies:
    "@types/accepts" "*"
    "@types/content-disposition" "*"
    "@types/cookies" "*"
    "@types/http-assert" "*"
    "@types/http-errors" "*"
    "@types/keygrip" "*"
    "@types/koa-compose" "*"
    "@types/node" "*"

"@types/mime@^1":
  "integrity" "sha1-k+Jb+e51/g/YC1lLxP6w6GIRG1o="
  "resolved" "http://192.168.31.232:4873/@types%2fmime/-/mime-1.3.2.tgz"
  "version" "1.3.2"

"@types/node@*":
  "integrity" "sha512-5dNBXu/FOER+EXnyah7rn8xlNrfMOQb/qXnw4NQgLkCygKBKhdmF/CA5oXVOKZLBEahw8s2WP9LxIcN/oDDRgQ=="
  "resolved" "http://192.168.31.232:4873/@types%2fnode/-/node-17.0.9.tgz"
  "version" "17.0.9"

"@types/qs@*":
  "integrity" "sha1-Y7t9Bn2xB8weRXwwO8JdUR/r9ss="
  "resolved" "http://192.168.31.232:4873/@types%2fqs/-/qs-6.9.7.tgz"
  "version" "6.9.7"

"@types/range-parser@*":
  "integrity" "sha1-zWZ7z90CUhOq+3ylkVqTJZCs3Nw="
  "resolved" "http://192.168.31.232:4873/@types%2frange-parser/-/range-parser-1.2.4.tgz"
  "version" "1.2.4"

"@types/serve-static@*":
  "integrity" "sha1-9eDOh5fS18xevtpIpSyWxPpHqNk="
  "resolved" "http://192.168.31.232:4873/@types%2fserve-static/-/serve-static-1.13.10.tgz"
  "version" "1.13.10"
  dependencies:
    "@types/mime" "^1"
    "@types/node" "*"

"accepts@^1.3.5":
  "integrity" "sha1-UxvHJlF6OytB+FACHGzBXqq1B80="
  "resolved" "http://192.168.31.232:4873/accepts/-/accepts-1.3.7.tgz"
  "version" "1.3.7"
  dependencies:
    "mime-types" "~2.1.24"
    "negotiator" "0.6.2"

"cache-content-type@^1.0.0":
  "integrity" "sha1-A1zeKwjuISn0qDFeqPAKANuhRTw="
  "resolved" "http://192.168.31.232:4873/cache-content-type/-/cache-content-type-1.0.1.tgz"
  "version" "1.0.1"
  dependencies:
    "mime-types" "^2.1.18"
    "ylru" "^1.2.0"

"co@^4.6.0":
  "integrity" "sha1-bqa989hTrlTMuOR7+gvz+QMfsYQ="
  "resolved" "http://192.168.31.232:4873/co/-/co-4.6.0.tgz"
  "version" "4.6.0"

"content-disposition@~0.5.2":
  "integrity" "sha512-FveZTNuGw04cxlAiWbzi6zTAL/lhehaWbTtgluJh4/E95DqMwTmha3KZN1aAWA8cFIhHzMZUvLevkw5Rqk+tSQ=="
  "resolved" "http://192.168.31.232:4873/content-disposition/-/content-disposition-0.5.4.tgz"
  "version" "0.5.4"
  dependencies:
    "safe-buffer" "5.2.1"

"content-type@^1.0.4":
  "integrity" "sha1-4TjMdeBAxyexlm/l5fjJruJW/js="
  "resolved" "http://192.168.31.232:4873/content-type/-/content-type-1.0.4.tgz"
  "version" "1.0.4"

"cookies@~0.8.0":
  "integrity" "sha1-EpPOSzkXQKhAbjyYcOgoxLVPP5A="
  "resolved" "http://192.168.31.232:4873/cookies/-/cookies-0.8.0.tgz"
  "version" "0.8.0"
  dependencies:
    "depd" "~2.0.0"
    "keygrip" "~1.1.0"

"debug@^4.3.2":
  "integrity" "sha512-/zxw5+vh1Tfv+4Qn7a5nsbcJKPaSvCDhojn6FEl9vupwK2VCSDtEiEtqr8DFtzYFOdz63LBkxec7DYuc2jon6Q=="
  "resolved" "http://192.168.31.232:4873/debug/-/debug-4.3.3.tgz"
  "version" "4.3.3"
  dependencies:
    "ms" "2.1.2"

"deep-equal@~1.0.1":
  "integrity" "sha1-9dJgKStmDghO/0zbyfCK0yR0SLU="
  "resolved" "http://192.168.31.232:4873/deep-equal/-/deep-equal-1.0.1.tgz"
  "version" "1.0.1"

"delegates@^1.0.0":
  "integrity" "sha1-hMbhWbgZBP3KWaDvRM2HDTElD5o="
  "resolved" "http://192.168.31.232:4873/delegates/-/delegates-1.0.0.tgz"
  "version" "1.0.0"

"depd@^2.0.0", "depd@~2.0.0":
  "integrity" "sha1-tpYWPMdXVg0JzyLMj60Vcbeedt8="
  "resolved" "http://192.168.31.232:4873/depd/-/depd-2.0.0.tgz"
  "version" "2.0.0"

"depd@~1.1.2":
  "integrity" "sha1-m81S4UwJd2PnSbJ0xDRu0uVgtak="
  "resolved" "http://192.168.31.232:4873/depd/-/depd-1.1.2.tgz"
  "version" "1.1.2"

"destroy@^1.0.4":
  "integrity" "sha1-l4hXRCxEdJ5CBmE+N5RiBYJqvYA="
  "resolved" "http://192.168.31.232:4873/destroy/-/destroy-1.0.4.tgz"
  "version" "1.0.4"

"ee-first@1.1.1":
  "integrity" "sha1-WQxhFWsK4vTwJVcyoViyZrxWsh0="
  "resolved" "http://192.168.31.232:4873/ee-first/-/ee-first-1.1.1.tgz"
  "version" "1.1.1"

"encodeurl@^1.0.2":
  "integrity" "sha1-rT/0yG7C0CkyL1oCw6mmBslbP1k="
  "resolved" "http://192.168.31.232:4873/encodeurl/-/encodeurl-1.0.2.tgz"
  "version" "1.0.2"

"escape-html@^1.0.3":
  "integrity" "sha1-Aljq5NPQwJdN4cFpGI7wBR0dGYg="
  "resolved" "http://192.168.31.232:4873/escape-html/-/escape-html-1.0.3.tgz"
  "version" "1.0.3"

"fresh@~0.5.2":
  "integrity" "sha1-PYyt2Q2XZWn6g1qx+OSyOhBWBac="
  "resolved" "http://192.168.31.232:4873/fresh/-/fresh-0.5.2.tgz"
  "version" "0.5.2"

"has-symbols@^1.0.2":
  "integrity" "sha1-Fl0wcMADCXUqEjakeTMeOsVvFCM="
  "resolved" "http://192.168.31.232:4873/has-symbols/-/has-symbols-1.0.2.tgz"
  "version" "1.0.2"

"has-tostringtag@^1.0.0":
  "integrity" "sha1-fhM4GKfTlHNPlB5zw9P5KR5liyU="
  "resolved" "http://192.168.31.232:4873/has-tostringtag/-/has-tostringtag-1.0.0.tgz"
  "version" "1.0.0"
  dependencies:
    "has-symbols" "^1.0.2"

"http-assert@^1.3.0":
  "integrity" "sha1-w4nM2HrBbtLfpiRv1zuSaqAOa48="
  "resolved" "http://192.168.31.232:4873/http-assert/-/http-assert-1.5.0.tgz"
  "version" "1.5.0"
  dependencies:
    "deep-equal" "~1.0.1"
    "http-errors" "~1.8.0"

"http-errors@^1.6.3", "http-errors@~1.8.0":
  "integrity" "sha1-fD8oV3y8iiBziEVdvWIpXtB71ow="
  "resolved" "http://192.168.31.232:4873/http-errors/-/http-errors-1.8.1.tgz"
  "version" "1.8.1"
  dependencies:
    "depd" "~1.1.2"
    "inherits" "2.0.4"
    "setprototypeof" "1.2.0"
    "statuses" ">= 1.5.0 < 2"
    "toidentifier" "1.0.1"

"inherits@2.0.4":
  "integrity" "sha1-D6LGT5MpF8NDOg3tVTY6rjdBa3w="
  "resolved" "http://192.168.31.232:4873/inherits/-/inherits-2.0.4.tgz"
  "version" "2.0.4"

"is-generator-function@^1.0.7":
  "integrity" "sha1-8VWLrxrBfg3up8BBXEODUf8rPHI="
  "resolved" "http://192.168.31.232:4873/is-generator-function/-/is-generator-function-1.0.10.tgz"
  "version" "1.0.10"
  dependencies:
    "has-tostringtag" "^1.0.0"

"keygrip@~1.1.0":
  "integrity" "sha1-hxsWgdXhWcYqRFsMdLYV4JF+ciY="
  "resolved" "http://192.168.31.232:4873/keygrip/-/keygrip-1.1.0.tgz"
  "version" "1.1.0"
  dependencies:
    "tsscmp" "1.0.6"

"koa-compose@^4.1.0":
  "integrity" "sha1-UHMGuTcZAdtBEhyBLpI9DWfT6Hc="
  "resolved" "http://192.168.31.232:4873/koa-compose/-/koa-compose-4.1.0.tgz"
  "version" "4.1.0"

"koa-convert@^2.0.0":
  "integrity" "sha1-hqDETYHUBVG64i/uZwmQRXPupPU="
  "resolved" "http://192.168.31.232:4873/koa-convert/-/koa-convert-2.0.0.tgz"
  "version" "2.0.0"
  dependencies:
    "co" "^4.6.0"
    "koa-compose" "^4.1.0"

"koa@^2.13.4":
  "integrity" "sha512-43zkIKubNbnrULWlHdN5h1g3SEKXOEzoAlRsHOTFpnlDu8JlAOZSMJBLULusuXRequboiwJcj5vtYXKB3k7+2g=="
  "resolved" "http://192.168.31.232:4873/koa/-/koa-2.13.4.tgz"
  "version" "2.13.4"
  dependencies:
    "accepts" "^1.3.5"
    "cache-content-type" "^1.0.0"
    "content-disposition" "~0.5.2"
    "content-type" "^1.0.4"
    "cookies" "~0.8.0"
    "debug" "^4.3.2"
    "delegates" "^1.0.0"
    "depd" "^2.0.0"
    "destroy" "^1.0.4"
    "encodeurl" "^1.0.2"
    "escape-html" "^1.0.3"
    "fresh" "~0.5.2"
    "http-assert" "^1.3.0"
    "http-errors" "^1.6.3"
    "is-generator-function" "^1.0.7"
    "koa-compose" "^4.1.0"
    "koa-convert" "^2.0.0"
    "on-finished" "^2.3.0"
    "only" "~0.0.2"
    "parseurl" "^1.3.2"
    "statuses" "^1.5.0"
    "type-is" "^1.6.16"
    "vary" "^1.1.2"

"media-typer@0.3.0":
  "integrity" "sha1-hxDXrwqmJvj/+hzgAWhUUmMlV0g="
  "resolved" "http://192.168.31.232:4873/media-typer/-/media-typer-0.3.0.tgz"
  "version" "0.3.0"

"mime-db@1.51.0":
  "integrity" "sha1-2f9iRRhZsYNC2WCFDcPPt35j+ww="
  "resolved" "http://192.168.31.232:4873/mime-db/-/mime-db-1.51.0.tgz"
  "version" "1.51.0"

"mime-types@^2.1.18", "mime-types@~2.1.24":
  "integrity" "sha1-WnEvnsFQNRGpRYA2QPr+CdN5PCQ="
  "resolved" "http://192.168.31.232:4873/mime-types/-/mime-types-2.1.34.tgz"
  "version" "2.1.34"
  dependencies:
    "mime-db" "1.51.0"

"ms@2.1.2":
  "integrity" "sha1-0J0fNXtEP0kzgqjrPM0YOHKuYAk="
  "resolved" "http://192.168.31.232:4873/ms/-/ms-2.1.2.tgz"
  "version" "2.1.2"

"negotiator@0.6.2":
  "integrity" "sha1-/qz3zPUlp3rpY0Q2pkiD/+yjRvs="
  "resolved" "http://192.168.31.232:4873/negotiator/-/negotiator-0.6.2.tgz"
  "version" "0.6.2"

"on-finished@^2.3.0":
  "integrity" "sha1-IPEzZIGwg811M3mSoWlxqi2QaUc="
  "resolved" "http://192.168.31.232:4873/on-finished/-/on-finished-2.3.0.tgz"
  "version" "2.3.0"
  dependencies:
    "ee-first" "1.1.1"

"only@~0.0.2":
  "integrity" "sha1-Kv3oTQPlC5qO3EROMGEKcCle37Q="
  "resolved" "http://192.168.31.232:4873/only/-/only-0.0.2.tgz"
  "version" "0.0.2"

"parseurl@^1.3.2":
  "integrity" "sha1-naGee+6NEt/wUT7Vt2lXeTvC6NQ="
  "resolved" "http://192.168.31.232:4873/parseurl/-/parseurl-1.3.3.tgz"
  "version" "1.3.3"

"safe-buffer@5.2.1":
  "integrity" "sha1-Hq+fqb2x/dTsdfWPnNtOa3gn7sY="
  "resolved" "http://192.168.31.232:4873/safe-buffer/-/safe-buffer-5.2.1.tgz"
  "version" "5.2.1"

"setprototypeof@1.2.0":
  "integrity" "sha1-ZsmiSnP5/CjL5msJ/tPTPcrxtCQ="
  "resolved" "http://192.168.31.232:4873/setprototypeof/-/setprototypeof-1.2.0.tgz"
  "version" "1.2.0"

"statuses@^1.5.0", "statuses@>= 1.5.0 < 2":
  "integrity" "sha1-Fhx9rBd2Wf2YEfQ3cfqZOBR4Yow="
  "resolved" "http://192.168.31.232:4873/statuses/-/statuses-1.5.0.tgz"
  "version" "1.5.0"

"toidentifier@1.0.1":
  "integrity" "sha1-O+NDIaiKgg7RvYDfqjPkefu43TU="
  "resolved" "http://192.168.31.232:4873/toidentifier/-/toidentifier-1.0.1.tgz"
  "version" "1.0.1"

"tsscmp@1.0.6":
  "integrity" "sha1-hbmVg6w1iexL/vgltQAKqRHWBes="
  "resolved" "http://192.168.31.232:4873/tsscmp/-/tsscmp-1.0.6.tgz"
  "version" "1.0.6"

"type-is@^1.6.16":
  "integrity" "sha1-TlUs0F3wlGfcvE73Od6J8s83wTE="
  "resolved" "http://192.168.31.232:4873/type-is/-/type-is-1.6.18.tgz"
  "version" "1.6.18"
  dependencies:
    "media-typer" "0.3.0"
    "mime-types" "~2.1.24"

"vary@^1.1.2":
  "integrity" "sha1-IpnwLG3tMNSllhsLn3RSShj2NPw="
  "resolved" "http://192.168.31.232:4873/vary/-/vary-1.1.2.tgz"
  "version" "1.1.2"

"ylru@^1.2.0":
  "integrity" "sha1-9Xa2M0FUeYnB3nuiiHYJI7J/6E8="
  "resolved" "http://192.168.31.232:4873/ylru/-/ylru-1.2.1.tgz"
  "version" "1.2.1"
